{
  "name": "app",
  "version": "1.0.0",
  "lockfileVersion": 3,
  "requires": true,
  "packages": {
    "": {
      "name": "app",
      "version": "1.0.0",
      "license": "ISC",
      "dependencies": {
        "@fullcalendar/core": "^5.11.5",
        "@fullcalendar/daygrid": "^5.11.5",
        "@fullcalendar/interaction": "^5.11.5",
        "@fullcalendar/list": "^5.11.5",
        "@fullcalendar/timegrid": "^5.11.5",
        "chart.js": "^4.5.1",
        "chartjs-plugin-datalabels": "^2.2.0",
        "dropzone": "^6.0.0-beta.2",
        "gsap": "^3.14.2",
        "jquery-ui-dist": "^1.13.3",
        "moment": "^2.30.1",
        "sweetalert2": "^11.26.20"
      }
    },
    "node_modules/@fullcalendar/common": {
      "version": "5.11.5",
      "resolved": "https://registry.npmjs.org/@fullcalendar/common/-/common-5.11.5.tgz",
      "integrity": "sha512-3iAYiUbHXhjSVXnYWz27Od2cslztUPsOwiwKlfGvQxBixv2Kl6a8IPwaijKFYJHXdwYmfPoEgK7rvqAGVoIYwA==",
      "license": "MIT",
      "dependencies": {
        "tslib": "^2.1.0"
      }
    },
    "node_modules/@fullcalendar/core": {
      "version": "5.11.5",
      "resolved": "https://registry.npmjs.org/@fullcalendar/core/-/core-5.11.5.tgz",
      "integrity": "sha512-M/WQuq1+uUHxFDEIu2ib/aaPZ70VsRk2ITECo/WCLSLTVWcHPXwEg83reyP3G8JrMM4gRL4vScEHhX0U5aoNSw==",
      "license": "MIT",
      "dependencies": {
        "@fullcalendar/common": "~5.11.5",
        "preact": "~10.12.1",
        "tslib": "^2.1.0"
      }
    },
    "node_modules/@fullcalendar/daygrid": {
      "version": "5.11.5",
      "resolved": "https://registry.npmjs.org/@fullcalendar/daygrid/-/daygrid-5.11.5.tgz",
      "integrity": "sha512-hMpq0U3Nucys2jDD+crbkJCr+tVt3fDw04OE3fbpisuzqtrHxIzRmnUOdbWUjJQyToAAkt7UVUQ9E7hYdmvyGA==",
      "license": "MIT",
      "dependencies": {
        "@fullcalendar/common": "~5.11.5",
        "tslib": "^2.1.0"
      }
    },
    "node_modules/@fullcalendar/interaction": {
      "version": "5.11.5",
      "resolved": "https://registry.npmjs.org/@fullcalendar/interaction/-/interaction-5.11.5.tgz",
      "integrity": "sha512-Vg9uw8zKXZc2RP7it88U8R/kxJIQsK4pyv+s+RhlvT5NBZ9KLOh5y2xGCS4A4hyY7qLrzugxnKYlu6NwNqJ/RQ==",
      "license": "MIT",
      "dependencies": {
        "@fullcalendar/common": "~5.11.5",
        "tslib": "^2.1.0"
      }
    },
    "node_modules/@fullcalendar/list": {
      "version": "5.11.5",
      "resolved": "https://registry.npmjs.org/@fullcalendar/list/-/list-5.11.5.tgz",
      "integrity": "sha512-ZYMPT4CVt9tIYkVVNx7CKkB2xc+n9L56+vgXkurptgYgPsacXYkcpF/1Hy/B5LKlg0ROEF9Qfftjow8xjANqaA==",
      "license": "MIT",
      "dependencies": {
        "@fullcalendar/common": "~5.11.5",
        "tslib": "^2.1.0"
      }
    },
    "node_modules/@fullcalendar/timegrid": {
      "version": "5.11.5",
      "resolved": "https://registry.npmjs.org/@fullcalendar/timegrid/-/timegrid-5.11.5.tgz",
      "integrity": "sha512-OEH5mrTclwxgUbb51N6qr7ifzNkR74ygUEFpiMLyyUjkp7a76N6BsAP5mBQnTOpTTUZBu9tAOmfcnvi7skUayQ==",
      "license": "MIT",
      "dependencies": {
        "@fullcalendar/common": "~5.11.5",
        "@fullcalendar/daygrid": "~5.11.5",
        "tslib": "^2.1.0"
      }
    },
    "node_modules/@kurkle/color": {
      "version": "0.3.4",
      "resolved": "https://registry.npmjs.org/@kurkle/color/-/color-0.3.4.tgz",
      "integrity": "sha512-M5UknZPHRu3DEDWoipU6sE8PdkZ6Z/S+v4dD+Ke8IaNlpdSQah50lz1KtcFBa2vsdOnwbbnxJwVM4wty6udA5w==",
      "license": "MIT"
    },
    "node_modules/@swc/helpers": {
      "version": "0.2.14",
      "resolved": "https://registry.npmjs.org/@swc/helpers/-/helpers-0.2.14.tgz",
      "integrity": "sha512-wpCQMhf5p5GhNg2MmGKXzUNwxe7zRiCsmqYsamez2beP7mKPCSiu+BjZcdN95yYSzO857kr0VfQewmGpS77nqA==",
      "license": "MIT"
    },
    "node_modules/chart.js": {
      "version": "4.5.1",
      "resolved": "https://registry.npmjs.org/chart.js/-/chart.js-4.5.1.tgz",
      "integrity": "sha512-GIjfiT9dbmHRiYi6Nl2yFCq7kkwdkp1W/lp2J99rX0yo9tgJGn3lKQATztIjb5tVtevcBtIdICNWqlq5+E8/Pw==",
      "license": "MIT",
      "dependencies": {
        "@kurkle/color": "^0.3.0"
      },
      "engines": {
        "pnpm": ">=8"
      }
    },
    "node_modules/chartjs-plugin-datalabels": {
      "version": "2.2.0",
      "resolved": "https://registry.npmjs.org/chartjs-plugin-datalabels/-/chartjs-plugin-datalabels-2.2.0.tgz",
      "integrity": "sha512-14ZU30lH7n89oq+A4bWaJPnAG8a7ZTk7dKf48YAzMvJjQtjrgg5Dpk9f+LbjCF6bpx3RAGTeL13IXpKQYyRvlw==",
      "license": "MIT",
      "peerDependencies": {
        "chart.js": ">=3.0.0"
      }
    },
    "node_modules/dropzone": {
      "version": "6.0.0-beta.2",
      "resolved": "https://registry.npmjs.org/dropzone/-/dropzone-6.0.0-beta.2.tgz",
      "integrity": "sha512-k44yLuFFhRk53M8zP71FaaNzJYIzr99SKmpbO/oZKNslDjNXQsBTdfLs+iONd0U0L94zzlFzRnFdqbLcs7h9fQ==",
      "license": "MIT",
      "dependencies": {
        "@swc/helpers": "^0.2.13",
        "just-extend": "^5.0.0"
      }
    },
    "node_modules/gsap": {
      "version": "3.14.2",
      "resolved": "https://registry.npmjs.org/gsap/-/gsap-3.14.2.tgz",
      "integrity": "sha512-P8/mMxVLU7o4+55+1TCnQrPmgjPKnwkzkXOK1asnR9Jg2lna4tEY5qBJjMmAaOBDDZWtlRjBXjLa0w53G/uBLA==",
      "license": "Standard 'no charge' license: https://gsap.com/standard-license."
    },
    "node_modules/jquery": {
      "version": "3.7.1",
      "resolved": "https://registry.npmjs.org/jquery/-/jquery-3.7.1.tgz",
      "integrity": "sha512-m4avr8yL8kmFN8psrbFFFmB/If14iN5o9nw/NgnnM+kybDJpRsAynV2BsfpTYrTRysYUdADVD7CkUUizgkpLfg==",
      "license": "MIT"
    },
    "node_modules/jquery-ui-dist": {
      "version": "1.13.3",
      "resolved": "https://registry.npmjs.org/jquery-ui-dist/-/jquery-ui-dist-1.13.3.tgz",
      "integrity": "sha512-qeTR3SOSQ0jgxaNXSFU6+JtxdzNUSJKgp8LCzVrVKntM25+2YBJW1Ea8B2AwjmmSHfPLy2dSlZxJQN06OfVFhg==",
      "license": "MIT",
      "dependencies": {
        "jquery": ">=1.8.0 <4.0.0"
      }
    },
    "node_modules/just-extend": {
      "version": "5.1.1",
      "resolved": "https://registry.npmjs.org/just-extend/-/just-extend-5.1.1.tgz",
      "integrity": "sha512-b+z6yF1d4EOyDgylzQo5IminlUmzSeqR1hs/bzjBNjuGras4FXq/6TrzjxfN0j+TmI0ltJzTNlqXUMCniciwKQ==",
      "license": "MIT"
    },
    "node_modules/moment": {
      "version": "2.30.1",
      "resolved": "https://registry.npmjs.org/moment/-/moment-2.30.1.tgz",
      "integrity": "sha512-uEmtNhbDOrWPFS+hdjFCBfy9f2YoyzRpwcl+DqpC6taX21FzsTLQVbMV/W7PzNSX6x/bhC1zA3c2UQ5NzH6how==",
      "license": "MIT",
      "engines": {
        "node": "*"
      }
    },
    "node_modules/preact": {
      "version": "10.12.1",
      "resolved": "https://registry.npmjs.org/preact/-/preact-10.12.1.tgz",
      "integrity": "sha512-l8386ixSsBdbreOAkqtrwqHwdvR35ID8c3rKPa8lCWuO86dBi32QWHV4vfsZK1utLLFMvw+Z5Ad4XLkZzchscg==",
      "license": "MIT",
      "funding": {
        "type": "opencollective",
        "url": "https://opencollective.com/preact"
      }
    },
    "node_modules/sweetalert2": {
      "version": "11.26.20",
      "resolved": "https://registry.npmjs.org/sweetalert2/-/sweetalert2-11.26.20.tgz",
      "integrity": "sha512-mG3guPRzmpqGufTQ05Kr7WQIe1xfBEB9JwPIJbR2plL0ezVzS3qmazuzse0J8+/YYGCGrAL4Us2Sm5VCgHyuRg==",
      "license": "MIT",
      "funding": {
        "type": "individual",
        "url": "https://github.com/sponsors/limonte"
      }
    },
    "node_modules/tslib": {
      "version": "2.8.1",
      "resolved": "https://registry.npmjs.org/tslib/-/tslib-2.8.1.tgz",
      "integrity": "sha512-oJFu94HQb+KVduSUQL7wnpmqnfmLsOA/nAh6b6EH0wCEoK0/mPeXU6c3wKDV83MkOuHPRHtSXKKU99IBazS/2w==",
      "license": "0BSD"
    }
  }
}
